
Microsoft Visual Studio Solution File, Format Version 12.00
# Visual Studio Version 16
VisualStudioVersion = 16.0.29613.14
MinimumVisualStudioVersion = 10.0.40219.1
Project("{FAE04EC0-301F-11D3-BF4B-00C04F79EFBC}") = "ASPNETCoreTest1", "ASPNETCoreTest1\ASPNETCoreTest1.csproj", "{1E1F546C-610F-4194-908E-796369239896}"
EndProject
Global
	GlobalSection(SolutionConfigurationPlatforms) = preSolution
		Debug|Any CPU = Debug|Any CPU
		Release|Any CPU = Release|Any CPU
	EndGlobalSection
	GlobalSection(ProjectConfigurationPlatforms) = postSolution
		{1E1F546C-610F-4194-908E-796369239896}.Debug|Any CPU.ActiveCfg = Debug|Any CPU
		{1E1F546C-610F-4194-908E-796369239896}.Debug|Any CPU.Build.0 = Debug|Any CPU
		{1E1F546C-610F-4194-908E-796369239896}.Release|Any CPU.ActiveCfg = Release|Any CPU
		{1E1F546C-610F-4194-908E-796369239896}.Release|Any CPU.Build.0 = Release|Any CPU
	EndGlobalSection
	GlobalSection(SolutionProperties) = preSolution
		HideSolutionNode = FALSE
	EndGlobalSection
	GlobalSection(ExtensibilityGlobals) = postSolution
		SolutionGuid = {BEAF54BD-CAE4-4B0A-92A0-F7259C5529D0}
	EndGlobalSection
EndGlobal
